Microsoft Visual Studio Solution File, Format Version 12.00
# Visual Studio 2012
Project("{FAE04EC0-301F-11D3-BF4B-00C04F79EFBC}") = "Evergrown", "Evergrown.csproj", "{91A4ADDA-B1D1-4AF9-B44D-6660796CEAAE}"
EndProject
Global
	GlobalSection(SolutionConfigurationPlatforms) = preSolution
	Debug|Any CPU = Debug|Any CPU
	ExportDebug|Any CPU = ExportDebug|Any CPU
	ExportRelease|Any CPU = ExportRelease|Any CPU
	EndGlobalSection
	GlobalSection(ProjectConfigurationPlatforms) = postSolution
		{91A4ADDA-B1D1-4AF9-B44D-6660796CEAAE}.Debug|Any CPU.ActiveCfg = Debug|Any CPU
		{91A4ADDA-B1D1-4AF9-B44D-6660796CEAAE}.Debug|Any CPU.Build.0 = Debug|Any CPU
		{91A4ADDA-B1D1-4AF9-B44D-6660796CEAAE}.ExportDebug|Any CPU.ActiveCfg = ExportDebug|Any CPU
		{91A4ADDA-B1D1-4AF9-B44D-6660796CEAAE}.ExportDebug|Any CPU.Build.0 = ExportDebug|Any CPU
		{91A4ADDA-B1D1-4AF9-B44D-6660796CEAAE}.ExportRelease|Any CPU.ActiveCfg = ExportRelease|Any CPU
		{91A4ADDA-B1D1-4AF9-B44D-6660796CEAAE}.ExportRelease|Any CPU.Build.0 = ExportRelease|Any CPU
	EndGlobalSection
EndGlobal
